// !$*UTF8*$!
{
	archiveVersion = 1;
	classes = {
	};
	objectVersion = 50;
	objects = {

/* Begin PBXBuildFile section */
		0497B31E23F2896800E1298A /* AppDelegate.swift in Sources */ = {isa = PBXBuildFile; fileRef = 0497B31D23F2896800E1298A /* AppDelegate.swift */; };
		0497B32023F2896800E1298A /* SceneDelegate.swift in Sources */ = {isa = PBXBuildFile; fileRef = 0497B31F23F2896800E1298A /* SceneDelegate.swift */; };
		0497B32223F2896800E1298A /* ViewController.swift in Sources */ = {isa = PBXBuildFile; fileRef = 0497B32123F2896800E1298A /* ViewController.swift */; };
		0497B32523F2896800E1298A /* Main.storyboard in Resources */ = {isa = PBXBuildFile; fileRef = 0497B32323F2896800E1298A /* Main.storyboard */; };
		0497B32723F2896900E1298A /* Assets.xcassets in Resources */ = {isa = PBXBuildFile; fileRef = 0497B32623F2896900E1298A /* Assets.xcassets */; };
		0497B32A23F2896900E1298A /* LaunchScreen.storyboard in Resources */ = {isa = PBXBuildFile; fileRef = 0497B32823F2896900E1298A /* LaunchScreen.storyboard */; };
		0497B33223F298DF00E1298A /* BallViewController.swift in Sources */ = {isa = PBXBuildFile; fileRef = 0497B33123F298DF00E1298A /* BallViewController.swift */; };
		0497B33423F2A89A00E1298A /* RollBallViewController.swift in Sources */ = {isa = PBXBuildFile; fileRef = 0497B33323F2A89A00E1298A /* RollBallViewController.swift */; };
/* End PBXBuildFile section */

/* Begin PBXFileReference section */
		0497B31A23F2896800E1298A /* DropBall.app */ = {isa = PBXFileReference; explicitFileType = wrapper.application; includeInIndex = 0; path = DropBall.app; sourceTree = BUILT_PRODUCTS_DIR; };
		0497B31D23F2896800E1298A /* AppDelegate.swift */ = {isa = PBXFileReference; lastKnownFileType = sourcecode.swift; path = AppDelegate.swift; sourceTree = "<group>"; };
		0497B31F23F2896800E1298A /* SceneDelegate.swift */ = {isa = PBXFileReference; lastKnownFileType = sourcecode.swift; path = SceneDelegate.swift; sourceTree = "<group>"; };
		0497B32123F2896800E1298A /* ViewController.swift */ = {isa = PBXFileReference; lastKnownFileType = sourcecode.swift; path = ViewController.swift; sourceTree = "<group>"; };
		0497B32423F2896800E1298A /* Base */ = {isa = PBXFileReference; lastKnownFileType = file.storyboard; name = Base; path = Base.lproj/Main.storyboard; sourceTree = "<group>"; };
		0497B32623F2896900E1298A /* Assets.xcassets */ = {isa = PBXFileReference; lastKnownFileType = folder.assetcatalog; path = Assets.xcassets; sourceTree = "<group>"; };
		0497B32923F2896900E1298A /* Base */ = {isa = PBXFileReference; lastKnownFileType = file.storyboard; name = Base; path = Base.lproj/LaunchScreen.storyboard; sourceTree = "<group>"; };
		0497B32B23F2896900E1298A /* Info.plist */ = {isa = PBXFileReference; lastKnownFileType = text.plist.xml; path = Info.plist; sourceTree = "<group>"; };
		0497B33123F298DF00E1298A /* BallViewController.swift */ = {isa = PBXFileReference; lastKnownFileType = sourcecode.swift; path = BallViewController.swift; sourceTree = "<group>"; };
		0497B33323F2A89A00E1298A /* RollBallViewController.swift */ = {isa = PBXFileReference; lastKnownFileType = sourcecode.swift; path = RollBallViewController.swift; sourceTree = "<group>"; };
/* End PBXFileReference section */

/* Begin PBXFrameworksBuildPhase section */
		0497B31723F2896800E1298A /* Frameworks */ = {
			isa = PBXFrameworksBuildPhase;
			buildActionMask = 2147483647;
			files = (
			);
			runOnlyForDeploymentPostprocessing = 0;
		};
/* End PBXFrameworksBuildPhase section */

/* Begin PBXGroup section */
		0497B31123F2896800E1298A = {
			isa = PBXGroup;
			children = (
				0497B31C23F2896800E1298A /* DropBall */,
				0497B31B23F2896800E1298A /* Products */,
			);
			sourceTree = "<group>";
		};
		0497B31B23F2896800E1298A /* Products */ = {
			isa = PBXGroup;
			children = (
				0497B31A23F2896800E1298A /* DropBall.app */,
			);
			name = Products;
			sourceTree = "<group>";
		};
		0497B31C23F2896800E1298A /* DropBall */ = {
			isa = PBXGroup;
			children = (
				0497B31D23F2896800E1298A /* AppDelegate.swift */,
				0497B31F23F2896800E1298A /* SceneDelegate.swift */,
				0497B32123F2896800E1298A /* ViewController.swift */,
				0497B33123F298DF00E1298A /* BallViewController.swift */,
				0497B33323F2A89A00E1298A /* RollBallViewController.swift */,
				0497B32323F2896800E1298A /* Main.storyboard */,
				0497B32623F2896900E1298A /* Assets.xcassets */,
				0497B32823F2896900E1298A /* LaunchScreen.storyboard */,
				0497B32B23F2896900E1298A /* Info.plist */,
			);
			path = DropBall;
			sourceTree = "<group>";
		};
/* End PBXGroup section */

/* Begin PBXNativeTarget section */
		0497B31923F2896800E1298A /* DropBall */ = {
			isa = PBXNativeTarget;
			buildConfigurationList = 0497B32E23F2896900E1298A /* Build configuration list for PBXNativeTarget "DropBall" */;
			buildPhases = (
				0497B31623F2896800E1298A /* Sources */,
				0497B31723F2896800E1298A /* Frameworks */,
				0497B31823F2896800E1298A /* Resources */,
			);
			buildRules = (
			);
			dependencies = (
			);
			name = DropBall;
			productName = DropBall;
			productReference = 0497B31A23F2896800E1298A /* DropBall.app */;
			productType = "com.apple.product-type.application";
		};
/* End PBXNativeTarget section */

/* Begin PBXProject section */
		0497B31223F2896800E1298A /* Project object */ = {
			isa = PBXProject;
			attributes = {
				LastSwiftUpdateCheck = 1130;
				LastUpgradeCheck = 1130;
				ORGANIZATIONNAME = Quynh;
				TargetAttributes = {
					0497B31923F2896800E1298A = {
						CreatedOnToolsVersion = 11.3.1;
					};
				};
			};
			buildConfigurationList = 0497B31523F2896800E1298A /* Build configuration list for PBXProject "DropBall" */;
			compatibilityVersion = "Xcode 9.3";
			developmentRegion = en;
			hasScannedForEncodings = 0;
			knownRegions = (
				en,
				Base,
			);
			mainGroup = 0497B31123F2896800E1298A;
			productRefGroup = 0497B31B23F2896800E1298A /* Products */;
			projectDirPath = "";
			projectRoot = "";
			targets = (
				0497B31923F2896800E1298A /* DropBall */,
			);
		};
/* End PBXProject section */

/* Begin PBXResourcesBuildPhase section */
		0497B31823F2896800E1298A /* Resources */ = {
			isa = PBXResourcesBuildPhase;
			buildActionMask = 2147483647;
			files = (
				0497B32A23F2896900E1298A /* LaunchScreen.storyboard in Resources */,
				0497B32723F2896900E1298A /* Assets.xcassets in Resources */,
				0497B32523F2896800E1298A /* Main.storyboard in Resources */,
			);
			runOnlyForDeploymentPostprocessing = 0;
		};
/* End PBXResourcesBuildPhase section */

/* Begin PBXSourcesBuildPhase section */
		0497B31623F2896800E1298A /* Sources */ = {
			isa = PBXSourcesBuildPhase;
			buildActionMask = 2147483647;
			files = (
				0497B32223F2896800E1298A /* ViewController.swift in Sources */,
				0497B33223F298DF00E1298A /* BallViewController.swift in Sources */,
				0497B31E23F2896800E1298A /* AppDelegate.swift in Sources */,
				0497B32023F2896800E1298A /* SceneDelegate.swift in Sources */,
				0497B33423F2A89A00E1298A /* RollBallViewController.swift in Sources */,
			);
			runOnlyForDeploymentPostprocessing = 0;
		};
/* End PBXSourcesBuildPhase section */

/* Begin PBXVariantGroup section */
		0497B32323F2896800E1298A /* Main.storyboard */ = {
			isa = PBXVariantGroup;
			children = (
				0497B32423F2896800E1298A /* Base */,
			);
			name = Main.storyboard;
			sourceTree = "<group>";
		};
		0497B32823F2896900E1298A /* LaunchScreen.storyboard */ = {
			isa = PBXVariantGroup;
			children = (
				0497B32923F2896900E1298A /* Base */,
			);
			name = LaunchScreen.storyboard;
			sourceTree = "<group>";
		};
/* End PBXVariantGroup section */

/* Begin XCBuildConfiguration section */
		0497B32C23F2896900E1298A /* Debug */ = {
			isa = XCBuildConfiguration;
			buildSettings = {
				ALWAYS_SEARCH_USER_PATHS = NO;
				CLANG_ANALYZER_NONNULL = YES;
				CLANG_ANALYZER_NUMBER_OBJECT_CONVERSION = YES_AGGRESSIVE;
				CLANG_CXX_LANGUAGE_STANDARD = "gnu++14";
				CLANG_CXX_LIBRARY = "libc++";
				CLANG_ENABLE_MODULES = YES;
				CLANG_ENABLE_OBJC_ARC = YES;
				CLANG_ENABLE_OBJC_WEAK = YES;
				CLANG_WARN_BLOCK_CAPTURE_AUTORELEASING = YES;
				CLANG_WARN_BOOL_CONVERSION = YES;
				CLANG_WARN_COMMA = YES;
				CLANG_WARN_CONSTANT_CONVERSION = YES;
				CLANG_WARN_DEPRECATED_OBJC_IMPLEMENTATIONS = YES;
				CLANG_WARN_DIRECT_OBJC_ISA_USAGE = YES_ERROR;
				CLANG_WARN_DOCUMENTATION_COMMENTS = YES;
				CLANG_WARN_EMPTY_BODY = YES;
				CLANG_WARN_ENUM_CONVERSION = YES;
				CLANG_WARN_INFINITE_RECURSION = YES;
				CLANG_WARN_INT_CONVERSION = YES;
				CLANG_WARN_NON_LITERAL_NULL_CONVERSION = YES;
				CLANG_WARN_OBJC_IMPLICIT_RETAIN_SELF = YES;
				CLANG_WARN_OBJC_LITERAL_CONVERSION = YES;
				CLANG_WARN_OBJC_ROOT_CLASS = YES_ERROR;
				CLANG_WARN_RANGE_LOOP_ANALYSIS = YES;
				CLANG_WARN_STRICT_PROTOTYPES = YES;
				CLANG_WARN_SUSPICIOUS_MOVE = YES;
				CLANG_WARN_UNGUARDED_AVAILABILITY = YES_AGGRESSIVE;
				CLANG_WARN_UNREACHABLE_CODE = YES;
				CLANG_WARN__DUPLICATE_METHOD_MATCH = YES;
				COPY_PHASE_STRIP = NO;
				DEBUG_INFORMATION_FORMAT = dwarf;
				ENABLE_STRICT_OBJC_MSGSEND = YES;
				ENABLE_TESTABILITY = YES;
				GCC_C_LANGUAGE_STANDARD = gnu11;
				GCC_DYNAMIC_NO_PIC = NO;
				GCC_NO_COMMON_BLOCKS = YES;
				GCC_OPTIMIZATION_LEVEL = 0;
				GCC_PREPROCESSOR_DEFINITIONS = (
					"DEBUG=1",
					"$(inherited)",
				);
				GCC_WARN_64_TO_32_BIT_CONVERSION = YES;
				GCC_WARN_ABOUT_RETURN_TYPE = YES_ERROR;
				GCC_WARN_UNDECLARED_SELECTOR = YES;
				GCC_WARN_UNINITIALIZED_AUTOS = YES_AGGRESSIVE;
				GCC_WARN_UNUSED_FUNCTION = YES;
				GCC_WARN_UNUSED_VARIABLE = YES;
				IPHONEOS_DEPLOYMENT_TARGET = 13.2;
				MTL_ENABLE_DEBUG_INFO = INCLUDE_SOURCE;
				MTL_FAST_MATH = YES;
				ONLY_ACTIVE_ARCH = YES;
				SDKROOT = iphoneos;
				SWIFT_ACTIVE_COMPILATION_CONDITIONS = DEBUG;
				SWIFT_OPTIMIZATION_LEVEL = "-Onone";
			};
			name = Debug;
		};
		0497B32D23F2896900E1298A /* Release */ = {
			isa = XCBuildConfiguration;
			buildSettings = {
				ALWAYS_SEARCH_USER_PATHS = NO;
				CLANG_ANALYZER_NONNULL = YES;
				CLANG_ANALYZER_NUMBER_OBJECT_CONVERSION = YES_AGGRESSIVE;
				CLANG_CXX_LANGUAGE_STANDARD = "gnu++14";
				CLANG_CXX_LIBRARY = "libc++";
				CLANG_ENABLE_MODULES = YES;
				CLANG_ENABLE_OBJC_ARC = YES;
				CLANG_ENABLE_OBJC_WEAK = YES;
				CLANG_WARN_BLOCK_CAPTURE_AUTORELEASING = YES;
				CLANG_WARN_BOOL_CONVERSION = YES;
				CLANG_WARN_COMMA = YES;
				CLANG_WARN_CONSTANT_CONVERSION = YES;
				CLANG_WARN_DEPRECATED_OBJC_IMPLEMENTATIONS = YES;
				CLANG_WARN_DIRECT_OBJC_ISA_USAGE = YES_ERROR;
				CLANG_WARN_DOCUMENTATION_COMMENTS = YES;
				CLANG_WARN_EMPTY_BODY = YES;
				CLANG_WARN_ENUM_CONVERSION = YES;
				CLANG_WARN_INFINITE_RECURSION = YES;
				CLANG_WARN_INT_CONVERSION = YES;
				CLANG_WARN_NON_LITERAL_NULL_CONVERSION = YES;
				CLANG_WARN_OBJC_IMPLICIT_RETAIN_SELF = YES;
				CLANG_WARN_OBJC_LITERAL_CONVERSION = YES;
				CLANG_WARN_OBJC_ROOT_CLASS = YES_ERROR;
				CLANG_WARN_RANGE_LOOP_ANALYSIS = YES;
				CLANG_WARN_STRICT_PROTOTYPES = YES;
				CLANG_WARN_SUSPICIOUS_MOVE = YES;
				CLANG_WARN_UNGUARDED_AVAILABILITY = YES_AGGRESSIVE;
				CLANG_WARN_UNREACHABLE_CODE = YES;
				CLANG_WARN__DUPLICATE_METHOD_MATCH = YES;
				COPY_PHASE_STRIP = NO;
				DEBUG_INFORMATION_FORMAT = "dwarf-with-dsym";
				ENABLE_NS_ASSERTIONS = NO;
				ENABLE_STRICT_OBJC_MSGSEND = YES;
				GCC_C_LANGUAGE_STANDARD = gnu11;
				GCC_NO_COMMON_BLOCKS = YES;
				GCC_WARN_64_TO_32_BIT_CONVERSION = YES;
				GCC_WARN_ABOUT_RETURN_TYPE = YES_ERROR;
				GCC_WARN_UNDECLARED_SELECTOR = YES;
				GCC_WARN_UNINITIALIZED_AUTOS = YES_AGGRESSIVE;
				GCC_WARN_UNUSED_FUNCTION = YES;
				GCC_WARN_UNUSED_VARIABLE = YES;
				IPHONEOS_DEPLOYMENT_TARGET = 13.2;
				MTL_ENABLE_DEBUG_INFO = NO;
				MTL_FAST_MATH = YES;
				SDKROOT = iphoneos;
				SWIFT_COMPILATION_MODE = wholemodule;
				SWIFT_OPTIMIZATION_LEVEL = "-O";
				VALIDATE_PRODUCT = YES;
			};
			name = Release;
		};
		0497B32F23F2896900E1298A /* Debug */ = {
			isa = XCBuildConfiguration;
			buildSettings = {
				ASSETCATALOG_COMPILER_APPICON_NAME = AppIcon;
				CODE_SIGN_STYLE = Automatic;
				INFOPLIST_FILE = DropBall/Info.plist;
				LD_RUNPATH_SEARCH_PATHS = (
					"$(inherited)",
					"@executable_path/Frameworks",
				);
				PRODUCT_BUNDLE_IDENTIFIER = com.taoquynh.DropBall;
				PRODUCT_NAME = "$(TARGET_NAME)";
				SWIFT_VERSION = 5.0;
				TARGETED_DEVICE_FAMILY = "1,2";
			};
			name = Debug;
		};
		0497B33023F2896900E1298A /* Release */ = {
			isa = XCBuildConfiguration;
			buildSettings = {
				ASSETCATALOG_COMPILER_APPICON_NAME = AppIcon;
				CODE_SIGN_STYLE = Automatic;
				INFOPLIST_FILE = DropBall/Info.plist;
				LD_RUNPATH_SEARCH_PATHS = (
					"$(inherited)",
					"@executable_path/Frameworks",
				);
				PRODUCT_BUNDLE_IDENTIFIER = com.taoquynh.DropBall;
				PRODUCT_NAME = "$(TARGET_NAME)";
				SWIFT_VERSION = 5.0;
				TARGETED_DEVICE_FAMILY = "1,2";
			};
			name = Release;
		};
/* End XCBuildConfiguration section */

/* Begin XCConfigurationList section */
		0497B31523F2896800E1298A /* Build configuration list for PBXProject "DropBall" */ = {
			isa = XCConfigurationList;
			buildConfigurations = (
				0497B32C23F2896900E1298A /* Debug */,
				0497B32D23F2896900E1298A /* Release */,
			);
			defaultConfigurationIsVisible = 0;
			defaultConfigurationName = Release;
		};
		0497B32E23F2896900E1298A /* Build configuration list for PBXNativeTarget "DropBall" */ = {
			isa = XCConfigurationList;
			buildConfigurations = (
				0497B32F23F2896900E1298A /* Debug */,
				0497B33023F2896900E1298A /* Release */,
			);
			defaultConfigurationIsVisible = 0;
			defaultConfigurationName = Release;
		};
/* End XCConfigurationList section */
	};
	rootObject = 0497B31223F2896800E1298A /* Project object */;
}
