// !$*UTF8*$!
{
	archiveVersion = 1;
	classes = {
	};
	objectVersion = 50;
	objects = {

/* Begin PBXBuildFile section */
		049B342E23EBB22200B43642 /* main.swift in Sources */ = {isa = PBXBuildFile; fileRef = 049B342D23EBB22200B43642 /* main.swift */; };
		049B343823EBB23300B43642 /* NgayThangNam.swift in Sources */ = {isa = PBXBuildFile; fileRef = 049B343423EBB23300B43642 /* NgayThangNam.swift */; };
		049B343923EBB23300B43642 /* SapXep.swift in Sources */ = {isa = PBXBuildFile; fileRef = 049B343523EBB23300B43642 /* SapXep.swift */; };
		049B343A23EBB23300B43642 /* SoAmstrong.swift in Sources */ = {isa = PBXBuildFile; fileRef = 049B343623EBB23300B43642 /* SoAmstrong.swift */; };
		049B343B23EBB23300B43642 /* VeHinh.swift in Sources */ = {isa = PBXBuildFile; fileRef = 049B343723EBB23300B43642 /* VeHinh.swift */; };
/* End PBXBuildFile section */

/* Begin PBXCopyFilesBuildPhase section */
		049B342823EBB22200B43642 /* CopyFiles */ = {
			isa = PBXCopyFilesBuildPhase;
			buildActionMask = 2147483647;
			dstPath = /usr/share/man/man1/;
			dstSubfolderSpec = 0;
			files = (
			);
			runOnlyForDeploymentPostprocessing = 1;
		};
/* End PBXCopyFilesBuildPhase section */

/* Begin PBXFileReference section */
		049B342A23EBB22200B43642 /* ChuaBaiTapTet */ = {isa = PBXFileReference; explicitFileType = "compiled.mach-o.executable"; includeInIndex = 0; path = ChuaBaiTapTet; sourceTree = BUILT_PRODUCTS_DIR; };
		049B342D23EBB22200B43642 /* main.swift */ = {isa = PBXFileReference; lastKnownFileType = sourcecode.swift; path = main.swift; sourceTree = "<group>"; };
		049B343423EBB23300B43642 /* NgayThangNam.swift */ = {isa = PBXFileReference; fileEncoding = 4; lastKnownFileType = sourcecode.swift; path = NgayThangNam.swift; sourceTree = "<group>"; };
		049B343523EBB23300B43642 /* SapXep.swift */ = {isa = PBXFileReference; fileEncoding = 4; lastKnownFileType = sourcecode.swift; path = SapXep.swift; sourceTree = "<group>"; };
		049B343623EBB23300B43642 /* SoAmstrong.swift */ = {isa = PBXFileReference; fileEncoding = 4; lastKnownFileType = sourcecode.swift; path = SoAmstrong.swift; sourceTree = "<group>"; };
		049B343723EBB23300B43642 /* VeHinh.swift */ = {isa = PBXFileReference; fileEncoding = 4; lastKnownFileType = sourcecode.swift; path = VeHinh.swift; sourceTree = "<group>"; };
/* End PBXFileReference section */

/* Begin PBXFrameworksBuildPhase section */
		049B342723EBB22200B43642 /* Frameworks */ = {
			isa = PBXFrameworksBuildPhase;
			buildActionMask = 2147483647;
			files = (
			);
			runOnlyForDeploymentPostprocessing = 0;
		};
/* End PBXFrameworksBuildPhase section */

/* Begin PBXGroup section */
		049B342123EBB22200B43642 = {
			isa = PBXGroup;
			children = (
				049B342C23EBB22200B43642 /* ChuaBaiTapTet */,
				049B342B23EBB22200B43642 /* Products */,
			);
			sourceTree = "<group>";
		};
		049B342B23EBB22200B43642 /* Products */ = {
			isa = PBXGroup;
			children = (
				049B342A23EBB22200B43642 /* ChuaBaiTapTet */,
			);
			name = Products;
			sourceTree = "<group>";
		};
		049B342C23EBB22200B43642 /* ChuaBaiTapTet */ = {
			isa = PBXGroup;
			children = (
				049B343423EBB23300B43642 /* NgayThangNam.swift */,
				049B343523EBB23300B43642 /* SapXep.swift */,
				049B343623EBB23300B43642 /* SoAmstrong.swift */,
				049B343723EBB23300B43642 /* VeHinh.swift */,
				049B342D23EBB22200B43642 /* main.swift */,
			);
			path = ChuaBaiTapTet;
			sourceTree = "<group>";
		};
/* End PBXGroup section */

/* Begin PBXNativeTarget section */
		049B342923EBB22200B43642 /* ChuaBaiTapTet */ = {
			isa = PBXNativeTarget;
			buildConfigurationList = 049B343123EBB22200B43642 /* Build configuration list for PBXNativeTarget "ChuaBaiTapTet" */;
			buildPhases = (
				049B342623EBB22200B43642 /* Sources */,
				049B342723EBB22200B43642 /* Frameworks */,
				049B342823EBB22200B43642 /* CopyFiles */,
			);
			buildRules = (
			);
			dependencies = (
			);
			name = ChuaBaiTapTet;
			productName = ChuaBaiTapTet;
			productReference = 049B342A23EBB22200B43642 /* ChuaBaiTapTet */;
			productType = "com.apple.product-type.tool";
		};
/* End PBXNativeTarget section */

/* Begin PBXProject section */
		049B342223EBB22200B43642 /* Project object */ = {
			isa = PBXProject;
			attributes = {
				LastSwiftUpdateCheck = 1130;
				LastUpgradeCheck = 1130;
				ORGANIZATIONNAME = Quynh;
				TargetAttributes = {
					049B342923EBB22200B43642 = {
						CreatedOnToolsVersion = 11.3.1;
					};
				};
			};
			buildConfigurationList = 049B342523EBB22200B43642 /* Build configuration list for PBXProject "ChuaBaiTapTet" */;
			compatibilityVersion = "Xcode 9.3";
			developmentRegion = en;
			hasScannedForEncodings = 0;
			knownRegions = (
				en,
				Base,
			);
			mainGroup = 049B342123EBB22200B43642;
			productRefGroup = 049B342B23EBB22200B43642 /* Products */;
			projectDirPath = "";
			projectRoot = "";
			targets = (
				049B342923EBB22200B43642 /* ChuaBaiTapTet */,
			);
		};
/* End PBXProject section */

/* Begin PBXSourcesBuildPhase section */
		049B342623EBB22200B43642 /* Sources */ = {
			isa = PBXSourcesBuildPhase;
			buildActionMask = 2147483647;
			files = (
				049B343A23EBB23300B43642 /* SoAmstrong.swift in Sources */,
				049B343B23EBB23300B43642 /* VeHinh.swift in Sources */,
				049B343823EBB23300B43642 /* NgayThangNam.swift in Sources */,
				049B342E23EBB22200B43642 /* main.swift in Sources */,
				049B343923EBB23300B43642 /* SapXep.swift in Sources */,
			);
			runOnlyForDeploymentPostprocessing = 0;
		};
/* End PBXSourcesBuildPhase section */

/* Begin XCBuildConfiguration section */
		049B342F23EBB22200B43642 /* Debug */ = {
			isa = XCBuildConfiguration;
			buildSettings = {
				ALWAYS_SEARCH_USER_PATHS = NO;
				CLANG_ANALYZER_NONNULL = YES;
				CLANG_ANALYZER_NUMBER_OBJECT_CONVERSION = YES_AGGRESSIVE;
				CLANG_CXX_LANGUAGE_STANDARD = "gnu++14";
				CLANG_CXX_LIBRARY = "libc++";
				CLANG_ENABLE_MODULES = YES;
				CLANG_ENABLE_OBJC_ARC = YES;
				CLANG_ENABLE_OBJC_WEAK = YES;
				CLANG_WARN_BLOCK_CAPTURE_AUTORELEASING = YES;
				CLANG_WARN_BOOL_CONVERSION = YES;
				CLANG_WARN_COMMA = YES;
				CLANG_WARN_CONSTANT_CONVERSION = YES;
				CLANG_WARN_DEPRECATED_OBJC_IMPLEMENTATIONS = YES;
				CLANG_WARN_DIRECT_OBJC_ISA_USAGE = YES_ERROR;
				CLANG_WARN_DOCUMENTATION_COMMENTS = YES;
				CLANG_WARN_EMPTY_BODY = YES;
				CLANG_WARN_ENUM_CONVERSION = YES;
				CLANG_WARN_INFINITE_RECURSION = YES;
				CLANG_WARN_INT_CONVERSION = YES;
				CLANG_WARN_NON_LITERAL_NULL_CONVERSION = YES;
				CLANG_WARN_OBJC_IMPLICIT_RETAIN_SELF = YES;
				CLANG_WARN_OBJC_LITERAL_CONVERSION = YES;
				CLANG_WARN_OBJC_ROOT_CLASS = YES_ERROR;
				CLANG_WARN_RANGE_LOOP_ANALYSIS = YES;
				CLANG_WARN_STRICT_PROTOTYPES = YES;
				CLANG_WARN_SUSPICIOUS_MOVE = YES;
				CLANG_WARN_UNGUARDED_AVAILABILITY = YES_AGGRESSIVE;
				CLANG_WARN_UNREACHABLE_CODE = YES;
				CLANG_WARN__DUPLICATE_METHOD_MATCH = YES;
				COPY_PHASE_STRIP = NO;
				DEBUG_INFORMATION_FORMAT = dwarf;
				ENABLE_STRICT_OBJC_MSGSEND = YES;
				ENABLE_TESTABILITY = YES;
				GCC_C_LANGUAGE_STANDARD = gnu11;
				GCC_DYNAMIC_NO_PIC = NO;
				GCC_NO_COMMON_BLOCKS = YES;
				GCC_OPTIMIZATION_LEVEL = 0;
				GCC_PREPROCESSOR_DEFINITIONS = (
					"DEBUG=1",
					"$(inherited)",
				);
				GCC_WARN_64_TO_32_BIT_CONVERSION = YES;
				GCC_WARN_ABOUT_RETURN_TYPE = YES_ERROR;
				GCC_WARN_UNDECLARED_SELECTOR = YES;
				GCC_WARN_UNINITIALIZED_AUTOS = YES_AGGRESSIVE;
				GCC_WARN_UNUSED_FUNCTION = YES;
				GCC_WARN_UNUSED_VARIABLE = YES;
				MACOSX_DEPLOYMENT_TARGET = 10.15;
				MTL_ENABLE_DEBUG_INFO = INCLUDE_SOURCE;
				MTL_FAST_MATH = YES;
				ONLY_ACTIVE_ARCH = YES;
				SDKROOT = macosx;
				SWIFT_ACTIVE_COMPILATION_CONDITIONS = DEBUG;
				SWIFT_OPTIMIZATION_LEVEL = "-Onone";
			};
			name = Debug;
		};
		049B343023EBB22200B43642 /* Release */ = {
			isa = XCBuildConfiguration;
			buildSettings = {
				ALWAYS_SEARCH_USER_PATHS = NO;
				CLANG_ANALYZER_NONNULL = YES;
				CLANG_ANALYZER_NUMBER_OBJECT_CONVERSION = YES_AGGRESSIVE;
				CLANG_CXX_LANGUAGE_STANDARD = "gnu++14";
				CLANG_CXX_LIBRARY = "libc++";
				CLANG_ENABLE_MODULES = YES;
				CLANG_ENABLE_OBJC_ARC = YES;
				CLANG_ENABLE_OBJC_WEAK = YES;
				CLANG_WARN_BLOCK_CAPTURE_AUTORELEASING = YES;
				CLANG_WARN_BOOL_CONVERSION = YES;
				CLANG_WARN_COMMA = YES;
				CLANG_WARN_CONSTANT_CONVERSION = YES;
				CLANG_WARN_DEPRECATED_OBJC_IMPLEMENTATIONS = YES;
				CLANG_WARN_DIRECT_OBJC_ISA_USAGE = YES_ERROR;
				CLANG_WARN_DOCUMENTATION_COMMENTS = YES;
				CLANG_WARN_EMPTY_BODY = YES;
				CLANG_WARN_ENUM_CONVERSION = YES;
				CLANG_WARN_INFINITE_RECURSION = YES;
				CLANG_WARN_INT_CONVERSION = YES;
				CLANG_WARN_NON_LITERAL_NULL_CONVERSION = YES;
				CLANG_WARN_OBJC_IMPLICIT_RETAIN_SELF = YES;
				CLANG_WARN_OBJC_LITERAL_CONVERSION = YES;
				CLANG_WARN_OBJC_ROOT_CLASS = YES_ERROR;
				CLANG_WARN_RANGE_LOOP_ANALYSIS = YES;
				CLANG_WARN_STRICT_PROTOTYPES = YES;
				CLANG_WARN_SUSPICIOUS_MOVE = YES;
				CLANG_WARN_UNGUARDED_AVAILABILITY = YES_AGGRESSIVE;
				CLANG_WARN_UNREACHABLE_CODE = YES;
				CLANG_WARN__DUPLICATE_METHOD_MATCH = YES;
				COPY_PHASE_STRIP = NO;
				DEBUG_INFORMATION_FORMAT = "dwarf-with-dsym";
				ENABLE_NS_ASSERTIONS = NO;
				ENABLE_STRICT_OBJC_MSGSEND = YES;
				GCC_C_LANGUAGE_STANDARD = gnu11;
				GCC_NO_COMMON_BLOCKS = YES;
				GCC_WARN_64_TO_32_BIT_CONVERSION = YES;
				GCC_WARN_ABOUT_RETURN_TYPE = YES_ERROR;
				GCC_WARN_UNDECLARED_SELECTOR = YES;
				GCC_WARN_UNINITIALIZED_AUTOS = YES_AGGRESSIVE;
				GCC_WARN_UNUSED_FUNCTION = YES;
				GCC_WARN_UNUSED_VARIABLE = YES;
				MACOSX_DEPLOYMENT_TARGET = 10.15;
				MTL_ENABLE_DEBUG_INFO = NO;
				MTL_FAST_MATH = YES;
				SDKROOT = macosx;
				SWIFT_COMPILATION_MODE = wholemodule;
				SWIFT_OPTIMIZATION_LEVEL = "-O";
			};
			name = Release;
		};
		049B343223EBB22200B43642 /* Debug */ = {
			isa = XCBuildConfiguration;
			buildSettings = {
				CODE_SIGN_STYLE = Automatic;
				PRODUCT_NAME = "$(TARGET_NAME)";
				SWIFT_VERSION = 5.0;
			};
			name = Debug;
		};
		049B343323EBB22200B43642 /* Release */ = {
			isa = XCBuildConfiguration;
			buildSettings = {
				CODE_SIGN_STYLE = Automatic;
				PRODUCT_NAME = "$(TARGET_NAME)";
				SWIFT_VERSION = 5.0;
			};
			name = Release;
		};
/* End XCBuildConfiguration section */

/* Begin XCConfigurationList section */
		049B342523EBB22200B43642 /* Build configuration list for PBXProject "ChuaBaiTapTet" */ = {
			isa = XCConfigurationList;
			buildConfigurations = (
				049B342F23EBB22200B43642 /* Debug */,
				049B343023EBB22200B43642 /* Release */,
			);
			defaultConfigurationIsVisible = 0;
			defaultConfigurationName = Release;
		};
		049B343123EBB22200B43642 /* Build configuration list for PBXNativeTarget "ChuaBaiTapTet" */ = {
			isa = XCConfigurationList;
			buildConfigurations = (
				049B343223EBB22200B43642 /* Debug */,
				049B343323EBB22200B43642 /* Release */,
			);
			defaultConfigurationIsVisible = 0;
			defaultConfigurationName = Release;
		};
/* End XCConfigurationList section */
	};
	rootObject = 049B342223EBB22200B43642 /* Project object */;
}
